
Microsoft Visual Studio Solution File, Format Version 12.00
# Visual Studio Version 17
VisualStudioVersion = 17.9.34728.123
MinimumVisualStudioVersion = 10.0.40219.1
Project("{FAE04EC0-301F-11D3-BF4B-00C04F79EFBC}") = "TenSharedLibraryPractice", "TenSharedLibraryPractice\TenSharedLibraryPractice.csproj", "{D827BF9E-1CCD-42A3-A863-E90980AE9A8D}"
EndProject
Global
	GlobalSection(SolutionConfigurationPlatforms) = preSolution
		Debug|Any CPU = Debug|Any CPU
		Release|Any CPU = Release|Any CPU
	EndGlobalSection
	GlobalSection(ProjectConfigurationPlatforms) = postSolution
		{D827BF9E-1CCD-42A3-A863-E90980AE9A8D}.Debug|Any CPU.ActiveCfg = Debug|Any CPU
		{D827BF9E-1CCD-42A3-A863-E90980AE9A8D}.Debug|Any CPU.Build.0 = Debug|Any CPU
		{D827BF9E-1CCD-42A3-A863-E90980AE9A8D}.Release|Any CPU.ActiveCfg = Release|Any CPU
		{D827BF9E-1CCD-42A3-A863-E90980AE9A8D}.Release|Any CPU.Build.0 = Release|Any CPU
	EndGlobalSection
	GlobalSection(SolutionProperties) = preSolution
		HideSolutionNode = FALSE
	EndGlobalSection
	GlobalSection(ExtensibilityGlobals) = postSolution
		SolutionGuid = {7C940640-D150-47AB-A629-FB0A24C1ECF5}
	EndGlobalSection
EndGlobal
